# THIS IS AN AUTOGENERATED FILE. DO NOT EDIT THIS FILE DIRECTLY.
# yarn lockfile v1


is-finite@^1.0.1:
  version "1.1.0"
  resolved "https://registry.yarnpkg.com/is-finite/-/is-finite-1.1.0.tgz#904135c77fb42c0641d6aa1bcdbc4daa8da082f3"
  integrity sha512-cdyMtqX/BOqqNBBiKlIVkytNHm49MtMlYyn1zxzvJKWmFMlGzm+ry5BBfYyeY9YmNKbRSo/o7OX9w9ale0wg3w==

number-is-integer@^1.0.0:
  version "1.0.1"
  resolved "https://registry.yarnpkg.com/number-is-integer/-/number-is-integer-1.0.1.tgz#e59bca172ffed27318e79c7ceb6cb72c095b2152"
  integrity sha512-Dq3iuiFBkrbmuQjGFFF3zckXNCQoSD37/SdSbgcBailUx6knDvDwb5CympBgcoWHy36sfS12u74MHYkXyHq6bg==
  dependencies:
    is-finite "^1.0.1"

round-to@^1.1.0:
  version "1.1.0"
  resolved "https://registry.yarnpkg.com/round-to/-/round-to-1.1.0.tgz#aa2057a61263021a9784b36be175bf16bdec9a5a"
  integrity sha512-xSTDhkjQfVudmd1E6CWTTJzQuQMCYmehJpMRMmAcZPos4zOICuswJ0KXetaCZKCrMi+FZlFTktd1+25xnvAmDA==
  dependencies:
    number-is-integer "^1.0.0"
